
Microsoft Visual Studio Solution File, Format Version 12.00
# Visual Studio Express 2012 for Windows Desktop
Project("{FAE04EC0-301F-11D3-BF4B-00C04F79EFBC}") = "HelloConsole", "HelloConsole\HelloConsole.csproj", "{7F0FEB87-6C29-4266-A5CD-1636E908C19C}"
EndProject
Global
	GlobalSection(SolutionConfigurationPlatforms) = preSolution
		Debug|Any CPU = Debug|Any CPU
		Release|Any CPU = Release|Any CPU
	EndGlobalSection
	GlobalSection(ProjectConfigurationPlatforms) = postSolution
		{7F0FEB87-6C29-4266-A5CD-1636E908C19C}.Debug|Any CPU.ActiveCfg = Debug|Any CPU
		{7F0FEB87-6C29-4266-A5CD-1636E908C19C}.Debug|Any CPU.Build.0 = Debug|Any CPU
		{7F0FEB87-6C29-4266-A5CD-1636E908C19C}.Release|Any CPU.ActiveCfg = Release|Any CPU
		{7F0FEB87-6C29-4266-A5CD-1636E908C19C}.Release|Any CPU.Build.0 = Release|Any CPU
	EndGlobalSection
	GlobalSection(SolutionProperties) = preSolution
		HideSolutionNode = FALSE
	EndGlobalSection
EndGlobal
